# This file was autogenerated by Stack.
# You should not edit this file by hand.
# For more information, please see the documentation at:
#   https://docs.haskellstack.org/en/stable/lock_files

packages:
- completed:
    hackage: digestive-functors-0.8.3.0@sha256:090895c10f8a20ed834b89bb8ac6aa9512367b614a06316bf6dcd2f0ab6c165a,3041
    pantry-tree:
      size: 1682
      sha256: 2f1a567ce6b73f0c8b31f4ea297f2b102107c96e8167a6ed68e0702d1c469b4e
  original:
    hackage: digestive-functors-0.8.3.0
- completed:
    hackage: digestive-functors-heist-0.8.8.0@sha256:c901a1f550cc8a4b25cf369ec09af016bb2667dae04af2ae067e18474d7b97bf,998
    pantry-tree:
      size: 362
      sha256: 8e894ec6b6f2cf8e1db1ba870d89ffbac77646b819aaf2ee868a289e51686ca6
  original:
    hackage: digestive-functors-heist-0.8.8.0
- completed:
    hackage: digestive-functors-snap-0.7.0.0@sha256:33d2eb11ffb19d236516b6dd47135cd4b9af99aaac3d1aee47a8a5c6123bf90e,953
    pantry-tree:
      size: 233
      sha256: 1b15e9cb9496c6ddad4364a6fdd9ce8b5e052e3e54954cad1e1e1b067c8c3590
  original:
    hackage: digestive-functors-snap-0.7.0.0
- completed:
    hackage: persistent-2.7.3.1@sha256:17d22865f87a9b864e64f8bcbda88237ac28be6b48d44b358171239998548c79,5243
    pantry-tree:
      size: 2164
      sha256: 52201e624c073471bd3f358263fd69529c22d93e53ff0e8ce495355e1477786a
  original:
    hackage: persistent-2.7.3.1
- completed:
    hackage: persistent-postgresql-2.6.3@sha256:c0a76adc717c771fe9dfc75c7eb1afd0943fe2165cc2e8d7b5d13e922f43f449,1627
    pantry-tree:
      size: 292
      sha256: 4ec3cf773573b8d36ad258bfddd8020fa4860b3254c7c1394f7522d870f68601
  original:
    hackage: persistent-postgresql-2.6.3
- completed:
    hackage: snap-1.0.0.2@sha256:c1af0aaaf45fd6bd66542a6a143bef7d7eff5f746c0b9d2f16d3756d0425c4b5,8997
    pantry-tree:
      size: 5743
      sha256: 349074e419d7c131ce7450cf8effa3e39997db2a3758ab43d88b97aa3aeea2c8
  original:
    hackage: snap-1.0.0.2
- completed:
    hackage: snaplet-persistent-0.6.0@sha256:bfa135d0273ff5f693f4e6eb67df42d7c21fdad90975052c0b96f2a58d66cf33,2410
    pantry-tree:
      size: 636
      sha256: 6a73690908c3d403f733d8de0078f52500b7f6c02aff05cb29c069f6965bd05b
  original:
    hackage: snaplet-persistent-0.6.0
- completed:
    hackage: snap-extras-0.12.2.0@sha256:a0a41b361a08d521a4011546b44837fd0eeabb2d5105063df7d0487616a9c62b,3878
    pantry-tree:
      size: 1967
      sha256: c951e5746c166f3d2ac5e8ca07888c73146232008685aa106df34d35ec77ff03
  original:
    hackage: snap-extras-0.12.2.0
- completed:
    hackage: conduit-1.2.13.1@sha256:afd4db7fe66ae7af3d418e1a932384a8dee08df2f6299cca80e53ba964ce1228,4371
    pantry-tree:
      size: 1191
      sha256: c24b0058c187a98780d227072cb701efeca1571c1c88ca331e53799cc3d051fb
  original:
    hackage: conduit-1.2.13.1
- completed:
    hackage: conduit-extra-1.2.3.2@sha256:911f76ce00b87a44ed5205b092b6150f456062e8f833c645b09c9357d986c854,4793
    pantry-tree:
      size: 2396
      sha256: f968c54ae1b4cd25eb5b189341c6cc1c63e69892ad21a13c93da41238964f2ec
  original:
    hackage: conduit-extra-1.2.3.2
- completed:
    hackage: lens-4.15.4@sha256:9df0c7a8f5f566a616e5b3d1aaede3a90d00d99fc77ed7f50d5f4608470affb0,15181
    pantry-tree:
      size: 7713
      sha256: 3a1c9cb154c49a49a73003c0cc6475186ce6bc309f0fbbc2953a0bd4c717bea9
  original:
    hackage: lens-4.15.4
- completed:
    hackage: free-4.12.4@sha256:c014d770f289f8afa7a4b7ff167dda84b8b4c341ab5c76088538735d575ab13e,3371
    pantry-tree:
      size: 2812
      sha256: 44382c6d6cd9ac6df5a259ddf5e9b2d2a2c0f7b8a1aff5596ab62dabb85626d6
  original:
    hackage: free-4.12.4
- completed:
    hackage: resourcet-1.1.11@sha256:6c16ce2485e4368048ee618f36bd8606aff8212100333d834b205b14cb4c6023,1981
    pantry-tree:
      size: 647
      sha256: a20624ee1b2369b258059674aa9dac02e0e3b5a076fe08aa1417dd4788247498
  original:
    hackage: resourcet-1.1.11
- completed:
    hackage: restful-snap-0.4.1@sha256:84299a8ae37e17614f7094bef4cb313b9d570996809f970279d568cec7e0043e,1543
    pantry-tree:
      size: 331
      sha256: a886b2b3826894970553b7cff6f42c1cd9004fba8f7f61ab2b57d35f40c3b49c
  original:
    hackage: restful-snap-0.4.1
snapshots:
- completed:
    size: 527401
    url: https://raw.githubusercontent.com/commercialhaskell/stackage-snapshots/master/lts/11/16.yaml
    sha256: 0542b8cfae985550e2f7fdc4ccd0ca8358630a92a93ebc44df0d2ac69a255bf0
  original: lts-11.16
